
Microsoft Visual Studio Solution File, Format Version 12.00
# Visual Studio Version 17
VisualStudioVersion = 17.1.32421.90
MinimumVisualStudioVersion = 10.0.40219.1
Project("{9A19103F-16F7-4668-BE54-9A1E7A4F7556}") = "Bowling", "Bowling.csproj", "{8B9C2A92-57AE-434A-B0F4-02A1E52DE62D}"
EndProject
Project("{FAE04EC0-301F-11D3-BF4B-00C04F79EFBC}") = "BowlingTests", "..\BowlingTests\BowlingTests.csproj", "{9EDEE8E0-3FF4-442D-9839-68AAE4395AAF}"
EndProject
Global
	GlobalSection(SolutionConfigurationPlatforms) = preSolution
		Debug|Any CPU = Debug|Any CPU
		Release|Any CPU = Release|Any CPU
	EndGlobalSection
	GlobalSection(ProjectConfigurationPlatforms) = postSolution
		{8B9C2A92-57AE-434A-B0F4-02A1E52DE62D}.Debug|Any CPU.ActiveCfg = Debug|Any CPU
		{8B9C2A92-57AE-434A-B0F4-02A1E52DE62D}.Debug|Any CPU.Build.0 = Debug|Any CPU
		{8B9C2A92-57AE-434A-B0F4-02A1E52DE62D}.Release|Any CPU.ActiveCfg = Release|Any CPU
		{8B9C2A92-57AE-434A-B0F4-02A1E52DE62D}.Release|Any CPU.Build.0 = Release|Any CPU
		{9EDEE8E0-3FF4-442D-9839-68AAE4395AAF}.Debug|Any CPU.ActiveCfg = Debug|Any CPU
		{9EDEE8E0-3FF4-442D-9839-68AAE4395AAF}.Debug|Any CPU.Build.0 = Debug|Any CPU
		{9EDEE8E0-3FF4-442D-9839-68AAE4395AAF}.Release|Any CPU.ActiveCfg = Release|Any CPU
		{9EDEE8E0-3FF4-442D-9839-68AAE4395AAF}.Release|Any CPU.Build.0 = Release|Any CPU
	EndGlobalSection
	GlobalSection(SolutionProperties) = preSolution
		HideSolutionNode = FALSE
	EndGlobalSection
	GlobalSection(ExtensibilityGlobals) = postSolution
		SolutionGuid = {0C430654-8ADC-4D3D-AA2E-25D727E51E7B}
	EndGlobalSection
EndGlobal
